// !$*UTF8*$!
{
	archiveVersion = 1;
	classes = {
	};
	objectVersion = 42;
	objects = {

/* Begin PBXBuildFile section */
		32114BBF1239468A00DC9B58 /* CoreVideo.framework in Frameworks */ = {isa = PBXBuildFile; fileRef = 32114BBE1239468A00DC9B58 /* CoreVideo.framework */; };
		32114BC11239468A00DC9B58 /* QTKit.framework in Frameworks */ = {isa = PBXBuildFile; fileRef = 32114BC01239468A00DC9B58 /* QTKit.framework */; };
		37533B4C136E62A400588785 /* tinyxml.cpp in Sources */ = {isa = PBXBuildFile; fileRef = 37533B3E136E62A400588785 /* tinyxml.cpp */; };
		37533B4D136E62A400588785 /* tinyxmlerror.cpp in Sources */ = {isa = PBXBuildFile; fileRef = 37533B40136E62A400588785 /* tinyxmlerror.cpp */; };
		37533B4E136E62A400588785 /* tinyxmlparser.cpp in Sources */ = {isa = PBXBuildFile; fileRef = 37533B41136E62A400588785 /* tinyxmlparser.cpp */; };
		37533B4F136E62A400588785 /* ofxXmlSettings.cpp in Sources */ = {isa = PBXBuildFile; fileRef = 37533B43136E62A400588785 /* ofxXmlSettings.cpp */; };
		37533B50136E62A400588785 /* ofxDirList.cpp in Sources */ = {isa = PBXBuildFile; fileRef = 37533B4A136E62A400588785 /* ofxDirList.cpp */; };
		37533B97136E633C00588785 /* ofx3dGraphics.cpp in Sources */ = {isa = PBXBuildFile; fileRef = 37533B58136E633C00588785 /* ofx3dGraphics.cpp */; };
		37533B98136E633C00588785 /* guiBaseObject.cpp in Sources */ = {isa = PBXBuildFile; fileRef = 37533B5D136E633C00588785 /* guiBaseObject.cpp */; };
		37533B99136E633C00588785 /* guiCallback.cpp in Sources */ = {isa = PBXBuildFile; fileRef = 37533B5F136E633C00588785 /* guiCallback.cpp */; };
		37533B9A136E633C00588785 /* guiCallbackValue.cpp in Sources */ = {isa = PBXBuildFile; fileRef = 37533B61136E633C00588785 /* guiCallbackValue.cpp */; };
		37533B9B136E633C00588785 /* guiColor.cpp in Sources */ = {isa = PBXBuildFile; fileRef = 37533B63136E633C00588785 /* guiColor.cpp */; };
		37533B9C136E633C00588785 /* guiTextBase.cpp in Sources */ = {isa = PBXBuildFile; fileRef = 37533B67136E633C00588785 /* guiTextBase.cpp */; };
		37533B9D136E633C00588785 /* guiType2DSlider.cpp in Sources */ = {isa = PBXBuildFile; fileRef = 37533B69136E633C00588785 /* guiType2DSlider.cpp */; };
		37533B9E136E633C00588785 /* guiTypeButtonSlider.cpp in Sources */ = {isa = PBXBuildFile; fileRef = 37533B6B136E633C00588785 /* guiTypeButtonSlider.cpp */; };
		37533B9F136E633C00588785 /* guiTypeChartPlotter.cpp in Sources */ = {isa = PBXBuildFile; fileRef = 37533B6D136E633C00588785 /* guiTypeChartPlotter.cpp */; };
		37533BA0136E633C00588785 /* guiTypeCustom.cpp in Sources */ = {isa = PBXBuildFile; fileRef = 37533B6F136E633C00588785 /* guiTypeCustom.cpp */; };
		37533BA1136E633C00588785 /* guiTypeDrawable.cpp in Sources */ = {isa = PBXBuildFile; fileRef = 37533B71136E633C00588785 /* guiTypeDrawable.cpp */; };
		37533BA2136E633C00588785 /* guiTypeFileLister.cpp in Sources */ = {isa = PBXBuildFile; fileRef = 37533B73136E633C00588785 /* guiTypeFileLister.cpp */; };
		37533BA3136E633C00588785 /* guiTypeLabel.cpp in Sources */ = {isa = PBXBuildFile; fileRef = 37533B75136E633C00588785 /* guiTypeLabel.cpp */; };
		37533BA4136E633C00588785 /* guiTypeLogger.cpp in Sources */ = {isa = PBXBuildFile; fileRef = 37533B77136E633C00588785 /* guiTypeLogger.cpp */; };
		37533BA5136E633C00588785 /* guiTypeMultiToggle.cpp in Sources */ = {isa = PBXBuildFile; fileRef = 37533B79136E633C00588785 /* guiTypeMultiToggle.cpp */; };
		37533BA6136E633C00588785 /* guiTypePanel.cpp in Sources */ = {isa = PBXBuildFile; fileRef = 37533B7B136E633C00588785 /* guiTypePanel.cpp */; };
		37533BA7136E633C00588785 /* guiTypeSlider.cpp in Sources */ = {isa = PBXBuildFile; fileRef = 37533B7D136E633C00588785 /* guiTypeSlider.cpp */; };
		37533BA8136E633C00588785 /* guiTypeText.cpp in Sources */ = {isa = PBXBuildFile; fileRef = 37533B7F136E633C00588785 /* guiTypeText.cpp */; };
		37533BA9136E633C00588785 /* guiTypeTextDropDown.cpp in Sources */ = {isa = PBXBuildFile; fileRef = 37533B81136E633C00588785 /* guiTypeTextDropDown.cpp */; };
		37533BAA136E633C00588785 /* guiTypeTextInput.cpp in Sources */ = {isa = PBXBuildFile; fileRef = 37533B83136E633C00588785 /* guiTypeTextInput.cpp */; };
		37533BAB136E633C00588785 /* guiTypeToggle.cpp in Sources */ = {isa = PBXBuildFile; fileRef = 37533B85136E633C00588785 /* guiTypeToggle.cpp */; };
		37533BAC136E633C00588785 /* guiTypeVairableLister.cpp in Sources */ = {isa = PBXBuildFile; fileRef = 37533B87136E633C00588785 /* guiTypeVairableLister.cpp */; };
		37533BAD136E633C00588785 /* guiTypeVideo.cpp in Sources */ = {isa = PBXBuildFile; fileRef = 37533B89136E633C00588785 /* guiTypeVideo.cpp */; };
		37533BAE136E633C00588785 /* guiValue.cpp in Sources */ = {isa = PBXBuildFile; fileRef = 37533B8B136E633C00588785 /* guiValue.cpp */; };
		37533BAF136E633C00588785 /* ofxControlPanel.cpp in Sources */ = {isa = PBXBuildFile; fileRef = 37533B8F136E633C00588785 /* ofxControlPanel.cpp */; };
		37533BB0136E633C00588785 /* simpleColor.cpp in Sources */ = {isa = PBXBuildFile; fileRef = 37533B91136E633C00588785 /* simpleColor.cpp */; };
		37533BB1136E633C00588785 /* simpleFileLister.cpp in Sources */ = {isa = PBXBuildFile; fileRef = 37533B93136E633C00588785 /* simpleFileLister.cpp */; };
		37533BB2136E633C00588785 /* simpleLogger.cpp in Sources */ = {isa = PBXBuildFile; fileRef = 37533B95136E633C00588785 /* simpleLogger.cpp */; };
		37533BB9136E635300588785 /* ofxShader.cpp in Sources */ = {isa = PBXBuildFile; fileRef = 37533BB7136E635300588785 /* ofxShader.cpp */; };
		37533BBF136E638600588785 /* GABChromaKey.cpp in Sources */ = {isa = PBXBuildFile; fileRef = 37533BBD136E638600588785 /* GABChromaKey.cpp */; };
		37533BC6136E63CC00588785 /* chromakey.frag in Sources */ = {isa = PBXBuildFile; fileRef = 37533BC4136E63CC00588785 /* chromakey.frag */; };
		37533BC7136E63CC00588785 /* chromakey.vert in Sources */ = {isa = PBXBuildFile; fileRef = 37533BC5136E63CC00588785 /* chromakey.vert */; };
		E20A9D6012881A8F0048A543 /* main.cpp in Sources */ = {isa = PBXBuildFile; fileRef = E20A9D5E12881A8F0048A543 /* main.cpp */; };
		E20A9D6112881A8F0048A543 /* testApp.cpp in Sources */ = {isa = PBXBuildFile; fileRef = E20A9D5F12881A8F0048A543 /* testApp.cpp */; };
		E20A9DE5128828C40048A543 /* Syphon.framework in Frameworks */ = {isa = PBXBuildFile; fileRef = E20A9DE1128828C40048A543 /* Syphon.framework */; };
		E20A9DE6128828C40048A543 /* ofxSyphonServer.mm in Sources */ = {isa = PBXBuildFile; fileRef = E20A9DE4128828C40048A543 /* ofxSyphonServer.mm */; };
		E20A9DEF128828FC0048A543 /* Syphon.framework in CopyFiles */ = {isa = PBXBuildFile; fileRef = E20A9DE1128828C40048A543 /* Syphon.framework */; };
		E29026FD12A69FD100F8BDA8 /* ofxSyphonClient.mm in Sources */ = {isa = PBXBuildFile; fileRef = BD4E9E461289BC5D0081794D /* ofxSyphonClient.mm */; };
		E290270A12A6A00400F8BDA8 /* SyphonNameboundClient.m in Sources */ = {isa = PBXBuildFile; fileRef = E290270912A6A00400F8BDA8 /* SyphonNameboundClient.m */; };
		E45BE0AA0E8CC67C009D7055 /* GLee.a in Frameworks */ = {isa = PBXBuildFile; fileRef = E45BE0A90E8CC67C009D7055 /* GLee.a */; };
		E45BE2E40E8CC69C009D7055 /* rtAudio.a in Frameworks */ = {isa = PBXBuildFile; fileRef = E45BE2E30E8CC69C009D7055 /* rtAudio.a */; };
		E45BE97B0E8CC7DD009D7055 /* AGL.framework in Frameworks */ = {isa = PBXBuildFile; fileRef = E45BE9710E8CC7DD009D7055 /* AGL.framework */; };
		E45BE97C0E8CC7DD009D7055 /* ApplicationServices.framework in Frameworks */ = {isa = PBXBuildFile; fileRef = E45BE9720E8CC7DD009D7055 /* ApplicationServices.framework */; };
		E45BE97D0E8CC7DD009D7055 /* AudioToolbox.framework in Frameworks */ = {isa = PBXBuildFile; fileRef = E45BE9730E8CC7DD009D7055 /* AudioToolbox.framework */; };
		E45BE97E0E8CC7DD009D7055 /* Carbon.framework in Frameworks */ = {isa = PBXBuildFile; fileRef = E45BE9740E8CC7DD009D7055 /* Carbon.framework */; };
		E45BE97F0E8CC7DD009D7055 /* CoreAudio.framework in Frameworks */ = {isa = PBXBuildFile; fileRef = E45BE9750E8CC7DD009D7055 /* CoreAudio.framework */; };
		E45BE9800E8CC7DD009D7055 /* CoreFoundation.framework in Frameworks */ = {isa = PBXBuildFile; fileRef = E45BE9760E8CC7DD009D7055 /* CoreFoundation.framework */; };
		E45BE9810E8CC7DD009D7055 /* CoreServices.framework in Frameworks */ = {isa = PBXBuildFile; fileRef = E45BE9770E8CC7DD009D7055 /* CoreServices.framework */; };
		E45BE9830E8CC7DD009D7055 /* OpenGL.framework in Frameworks */ = {isa = PBXBuildFile; fileRef = E45BE9790E8CC7DD009D7055 /* OpenGL.framework */; };
		E45BE9840E8CC7DD009D7055 /* QuickTime.framework in Frameworks */ = {isa = PBXBuildFile; fileRef = E45BE97A0E8CC7DD009D7055 /* QuickTime.framework */; };
		E4C2422B10CC554B004149E2 /* openFrameworksDebug.a in Frameworks */ = {isa = PBXBuildFile; fileRef = E4C2421E10CC549C004149E2 /* openFrameworksDebug.a */; };
		E4C2424710CC5A17004149E2 /* AppKit.framework in Frameworks */ = {isa = PBXBuildFile; fileRef = E4C2424410CC5A17004149E2 /* AppKit.framework */; };
		E4C2424810CC5A17004149E2 /* Cocoa.framework in Frameworks */ = {isa = PBXBuildFile; fileRef = E4C2424510CC5A17004149E2 /* Cocoa.framework */; };
		E4C2424910CC5A17004149E2 /* IOKit.framework in Frameworks */ = {isa = PBXBuildFile; fileRef = E4C2424610CC5A17004149E2 /* IOKit.framework */; };
		E4C2426610CC5A78004149E2 /* GLUT.framework in Frameworks */ = {isa = PBXBuildFile; fileRef = E4C2425F10CC5A78004149E2 /* GLUT.framework */; };
		E4C2426B10CC5AA6004149E2 /* GLUT.framework in CopyFiles */ = {isa = PBXBuildFile; fileRef = E4C2425F10CC5A78004149E2 /* GLUT.framework */; };
		E4C2427F10CC5B66004149E2 /* CppUnit.a in Frameworks */ = {isa = PBXBuildFile; fileRef = E4C2427A10CC5B66004149E2 /* CppUnit.a */; };
		E4C2428010CC5B66004149E2 /* PocoFoundation.a in Frameworks */ = {isa = PBXBuildFile; fileRef = E4C2427B10CC5B66004149E2 /* PocoFoundation.a */; };
		E4C2428110CC5B66004149E2 /* PocoNet.a in Frameworks */ = {isa = PBXBuildFile; fileRef = E4C2427C10CC5B66004149E2 /* PocoNet.a */; };
		E4C2428210CC5B66004149E2 /* PocoUtil.a in Frameworks */ = {isa = PBXBuildFile; fileRef = E4C2427D10CC5B66004149E2 /* PocoUtil.a */; };
		E4C2428310CC5B66004149E2 /* PocoXML.a in Frameworks */ = {isa = PBXBuildFile; fileRef = E4C2427E10CC5B66004149E2 /* PocoXML.a */; };
		E4C2429410CC5C38004149E2 /* freetype.a in Frameworks */ = {isa = PBXBuildFile; fileRef = E4C2429310CC5C38004149E2 /* freetype.a */; };
		E4C242CD10CC650E004149E2 /* libfmodex.dylib in Frameworks */ = {isa = PBXBuildFile; fileRef = E4C242CC10CC650E004149E2 /* libfmodex.dylib */; };
		E4C2443910CC7693004149E2 /* openFrameworks-Info.plist in CopyFiles */ = {isa = PBXBuildFile; fileRef = E4B6FCAD0C3E899E008CF71C /* openFrameworks-Info.plist */; };
		E4C246DA10CCAE22004149E2 /* freeimage.a in Frameworks */ = {isa = PBXBuildFile; fileRef = E4C246D910CCAE22004149E2 /* freeimage.a */; };
/* End PBXBuildFile section */

/* Begin PBXContainerItemProxy section */
		E4C2421D10CC549C004149E2 /* PBXContainerItemProxy */ = {
			isa = PBXContainerItemProxy;
			containerPortal = E4C2421610CC549C004149E2 /* openFrameworksLib.xcodeproj */;
			proxyType = 2;
			remoteGlobalIDString = E4B27C1510CBEB8E00536013;
			remoteInfo = openFrameworks;
		};
		E4C2422710CC54DA004149E2 /* PBXContainerItemProxy */ = {
			isa = PBXContainerItemProxy;
			containerPortal = E4C2421610CC549C004149E2 /* openFrameworksLib.xcodeproj */;
			proxyType = 1;
			remoteGlobalIDString = E4B27C1410CBEB8E00536013;
			remoteInfo = openFrameworks;
		};
/* End PBXContainerItemProxy section */

/* Begin PBXCopyFilesBuildPhase section */
		E4C2427710CC5ABF004149E2 /* CopyFiles */ = {
			isa = PBXCopyFilesBuildPhase;
			buildActionMask = 2147483647;
			dstPath = "";
			dstSubfolderSpec = 10;
			files = (
				E20A9DEF128828FC0048A543 /* Syphon.framework in CopyFiles */,
				E4C2426B10CC5AA6004149E2 /* GLUT.framework in CopyFiles */,
			);
			runOnlyForDeploymentPostprocessing = 0;
		};
		E4C2444710CC769B004149E2 /* CopyFiles */ = {
			isa = PBXCopyFilesBuildPhase;
			buildActionMask = 2147483647;
			dstPath = "";
			dstSubfolderSpec = 7;
			files = (
				E4C2443910CC7693004149E2 /* openFrameworks-Info.plist in CopyFiles */,
			);
			runOnlyForDeploymentPostprocessing = 0;
		};
/* End PBXCopyFilesBuildPhase section */

/* Begin PBXFileReference section */
		32114BBE1239468A00DC9B58 /* CoreVideo.framework */ = {isa = PBXFileReference; lastKnownFileType = wrapper.framework; name = CoreVideo.framework; path = /System/Library/Frameworks/CoreVideo.framework; sourceTree = "<absolute>"; };
		32114BC01239468A00DC9B58 /* QTKit.framework */ = {isa = PBXFileReference; lastKnownFileType = wrapper.framework; name = QTKit.framework; path = /System/Library/Frameworks/QTKit.framework; sourceTree = "<absolute>"; };
		3216383212876FAD001F3D0D /* Syphon.framework */ = {isa = PBXFileReference; lastKnownFileType = wrapper.framework; name = Syphon.framework; path = src/Syphon.framework; sourceTree = "<group>"; };
		37533B3C136E62A400588785 /* install.xml */ = {isa = PBXFileReference; fileEncoding = 4; lastKnownFileType = text.xml; path = install.xml; sourceTree = "<group>"; };
		37533B3E136E62A400588785 /* tinyxml.cpp */ = {isa = PBXFileReference; fileEncoding = 4; lastKnownFileType = sourcecode.cpp.cpp; path = tinyxml.cpp; sourceTree = "<group>"; };
		37533B3F136E62A400588785 /* tinyxml.h */ = {isa = PBXFileReference; fileEncoding = 4; lastKnownFileType = sourcecode.c.h; path = tinyxml.h; sourceTree = "<group>"; };
		37533B40136E62A400588785 /* tinyxmlerror.cpp */ = {isa = PBXFileReference; fileEncoding = 4; lastKnownFileType = sourcecode.cpp.cpp; path = tinyxmlerror.cpp; sourceTree = "<group>"; };
		37533B41136E62A400588785 /* tinyxmlparser.cpp */ = {isa = PBXFileReference; fileEncoding = 4; lastKnownFileType = sourcecode.cpp.cpp; path = tinyxmlparser.cpp; sourceTree = "<group>"; };
		37533B43136E62A400588785 /* ofxXmlSettings.cpp */ = {isa = PBXFileReference; fileEncoding = 4; lastKnownFileType = sourcecode.cpp.cpp; path = ofxXmlSettings.cpp; sourceTree = "<group>"; };
		37533B44136E62A400588785 /* ofxXmlSettings.h */ = {isa = PBXFileReference; fileEncoding = 4; lastKnownFileType = sourcecode.c.h; path = ofxXmlSettings.h; sourceTree = "<group>"; };
		37533B47136E62A400588785 /* Instructions.txt */ = {isa = PBXFileReference; fileEncoding = 4; lastKnownFileType = text; path = Instructions.txt; sourceTree = "<group>"; };
		37533B48136E62A400588785 /* install.xml */ = {isa = PBXFileReference; fileEncoding = 4; lastKnownFileType = text.xml; path = install.xml; sourceTree = "<group>"; };
		37533B4A136E62A400588785 /* ofxDirList.cpp */ = {isa = PBXFileReference; fileEncoding = 4; lastKnownFileType = sourcecode.cpp.cpp; path = ofxDirList.cpp; sourceTree = "<group>"; };
		37533B4B136E62A400588785 /* ofxDirList.h */ = {isa = PBXFileReference; fileEncoding = 4; lastKnownFileType = sourcecode.c.h; path = ofxDirList.h; sourceTree = "<group>"; };
		37533B58136E633C00588785 /* ofx3dGraphics.cpp */ = {isa = PBXFileReference; fileEncoding = 4; lastKnownFileType = sourcecode.cpp.cpp; path = ofx3dGraphics.cpp; sourceTree = "<group>"; };
		37533B59136E633C00588785 /* ofx3dGraphics.h */ = {isa = PBXFileReference; fileEncoding = 4; lastKnownFileType = sourcecode.c.h; path = ofx3dGraphics.h; sourceTree = "<group>"; };
		37533B5B136E633C00588785 /* ofxAutoControlPanel.h */ = {isa = PBXFileReference; fileEncoding = 4; lastKnownFileType = sourcecode.c.h; path = ofxAutoControlPanel.h; sourceTree = "<group>"; };
		37533B5D136E633C00588785 /* guiBaseObject.cpp */ = {isa = PBXFileReference; fileEncoding = 4; lastKnownFileType = sourcecode.cpp.cpp; path = guiBaseObject.cpp; sourceTree = "<group>"; };
		37533B5E136E633C00588785 /* guiBaseObject.h */ = {isa = PBXFileReference; fileEncoding = 4; lastKnownFileType = sourcecode.c.h; path = guiBaseObject.h; sourceTree = "<group>"; };
		37533B5F136E633C00588785 /* guiCallback.cpp */ = {isa = PBXFileReference; fileEncoding = 4; lastKnownFileType = sourcecode.cpp.cpp; path = guiCallback.cpp; sourceTree = "<group>"; };
		37533B60136E633C00588785 /* guiCallback.h */ = {isa = PBXFileReference; fileEncoding = 4; lastKnownFileType = sourcecode.c.h; path = guiCallback.h; sourceTree = "<group>"; };
		37533B61136E633C00588785 /* guiCallbackValue.cpp */ = {isa = PBXFileReference; fileEncoding = 4; lastKnownFileType = sourcecode.cpp.cpp; path = guiCallbackValue.cpp; sourceTree = "<group>"; };
		37533B62136E633C00588785 /* guiCallbackValue.h */ = {isa = PBXFileReference; fileEncoding = 4; lastKnownFileType = sourcecode.c.h; path = guiCallbackValue.h; sourceTree = "<group>"; };
		37533B63136E633C00588785 /* guiColor.cpp */ = {isa = PBXFileReference; fileEncoding = 4; lastKnownFileType = sourcecode.cpp.cpp; path = guiColor.cpp; sourceTree = "<group>"; };
		37533B64136E633C00588785 /* guiColor.h */ = {isa = PBXFileReference; fileEncoding = 4; lastKnownFileType = sourcecode.c.h; path = guiColor.h; sourceTree = "<group>"; };
		37533B65136E633C00588785 /* guiCustomImpl.h */ = {isa = PBXFileReference; fileEncoding = 4; lastKnownFileType = sourcecode.c.h; path = guiCustomImpl.h; sourceTree = "<group>"; };
		37533B66136E633C00588785 /* guiIncludes.h */ = {isa = PBXFileReference; fileEncoding = 4; lastKnownFileType = sourcecode.c.h; path = guiIncludes.h; sourceTree = "<group>"; };
		37533B67136E633C00588785 /* guiTextBase.cpp */ = {isa = PBXFileReference; fileEncoding = 4; lastKnownFileType = sourcecode.cpp.cpp; path = guiTextBase.cpp; sourceTree = "<group>"; };
		37533B68136E633C00588785 /* guiTextBase.h */ = {isa = PBXFileReference; fileEncoding = 4; lastKnownFileType = sourcecode.c.h; path = guiTextBase.h; sourceTree = "<group>"; };
		37533B69136E633C00588785 /* guiType2DSlider.cpp */ = {isa = PBXFileReference; fileEncoding = 4; lastKnownFileType = sourcecode.cpp.cpp; path = guiType2DSlider.cpp; sourceTree = "<group>"; };
		37533B6A136E633C00588785 /* guiType2DSlider.h */ = {isa = PBXFileReference; fileEncoding = 4; lastKnownFileType = sourcecode.c.h; path = guiType2DSlider.h; sourceTree = "<group>"; };
		37533B6B136E633C00588785 /* guiTypeButtonSlider.cpp */ = {isa = PBXFileReference; fileEncoding = 4; lastKnownFileType = sourcecode.cpp.cpp; path = guiTypeButtonSlider.cpp; sourceTree = "<group>"; };
		37533B6C136E633C00588785 /* guiTypeButtonSlider.h */ = {isa = PBXFileReference; fileEncoding = 4; lastKnownFileType = sourcecode.c.h; path = guiTypeButtonSlider.h; sourceTree = "<group>"; };
		37533B6D136E633C00588785 /* guiTypeChartPlotter.cpp */ = {isa = PBXFileReference; fileEncoding = 4; lastKnownFileType = sourcecode.cpp.cpp; path = guiTypeChartPlotter.cpp; sourceTree = "<group>"; };
		37533B6E136E633C00588785 /* guiTypeChartPlotter.h */ = {isa = PBXFileReference; fileEncoding = 4; lastKnownFileType = sourcecode.c.h; path = guiTypeChartPlotter.h; sourceTree = "<group>"; };
		37533B6F136E633C00588785 /* guiTypeCustom.cpp */ = {isa = PBXFileReference; fileEncoding = 4; lastKnownFileType = sourcecode.cpp.cpp; path = guiTypeCustom.cpp; sourceTree = "<group>"; };
		37533B70136E633C00588785 /* guiTypeCustom.h */ = {isa = PBXFileReference; fileEncoding = 4; lastKnownFileType = sourcecode.c.h; path = guiTypeCustom.h; sourceTree = "<group>"; };
		37533B71136E633C00588785 /* guiTypeDrawable.cpp */ = {isa = PBXFileReference; fileEncoding = 4; lastKnownFileType = sourcecode.cpp.cpp; path = guiTypeDrawable.cpp; sourceTree = "<group>"; };
		37533B72136E633C00588785 /* guiTypeDrawable.h */ = {isa = PBXFileReference; fileEncoding = 4; lastKnownFileType = sourcecode.c.h; path = guiTypeDrawable.h; sourceTree = "<group>"; };
		37533B73136E633C00588785 /* guiTypeFileLister.cpp */ = {isa = PBXFileReference; fileEncoding = 4; lastKnownFileType = sourcecode.cpp.cpp; path = guiTypeFileLister.cpp; sourceTree = "<group>"; };
		37533B74136E633C00588785 /* guiTypeFileLister.h */ = {isa = PBXFileReference; fileEncoding = 4; lastKnownFileType = sourcecode.c.h; path = guiTypeFileLister.h; sourceTree = "<group>"; };
		37533B75136E633C00588785 /* guiTypeLabel.cpp */ = {isa = PBXFileReference; fileEncoding = 4; lastKnownFileType = sourcecode.cpp.cpp; path = guiTypeLabel.cpp; sourceTree = "<group>"; };
		37533B76136E633C00588785 /* guiTypeLabel.h */ = {isa = PBXFileReference; fileEncoding = 4; lastKnownFileType = sourcecode.c.h; path = guiTypeLabel.h; sourceTree = "<group>"; };
		37533B77136E633C00588785 /* guiTypeLogger.cpp */ = {isa = PBXFileReference; fileEncoding = 4; lastKnownFileType = sourcecode.cpp.cpp; path = guiTypeLogger.cpp; sourceTree = "<group>"; };
		37533B78136E633C00588785 /* guiTypeLogger.h */ = {isa = PBXFileReference; fileEncoding = 4; lastKnownFileType = sourcecode.c.h; path = guiTypeLogger.h; sourceTree = "<group>"; };
		37533B79136E633C00588785 /* guiTypeMultiToggle.cpp */ = {isa = PBXFileReference; fileEncoding = 4; lastKnownFileType = sourcecode.cpp.cpp; path = guiTypeMultiToggle.cpp; sourceTree = "<group>"; };
		37533B7A136E633C00588785 /* guiTypeMultiToggle.h */ = {isa = PBXFileReference; fileEncoding = 4; lastKnownFileType = sourcecode.c.h; path = guiTypeMultiToggle.h; sourceTree = "<group>"; };
		37533B7B136E633C00588785 /* guiTypePanel.cpp */ = {isa = PBXFileReference; fileEncoding = 4; lastKnownFileType = sourcecode.cpp.cpp; path = guiTypePanel.cpp; sourceTree = "<group>"; };
		37533B7C136E633C00588785 /* guiTypePanel.h */ = {isa = PBXFileReference; fileEncoding = 4; lastKnownFileType = sourcecode.c.h; path = guiTypePanel.h; sourceTree = "<group>"; };
		37533B7D136E633C00588785 /* guiTypeSlider.cpp */ = {isa = PBXFileReference; fileEncoding = 4; lastKnownFileType = sourcecode.cpp.cpp; path = guiTypeSlider.cpp; sourceTree = "<group>"; };
		37533B7E136E633C00588785 /* guiTypeSlider.h */ = {isa = PBXFileReference; fileEncoding = 4; lastKnownFileType = sourcecode.c.h; path = guiTypeSlider.h; sourceTree = "<group>"; };
		37533B7F136E633C00588785 /* guiTypeText.cpp */ = {isa = PBXFileReference; fileEncoding = 4; lastKnownFileType = sourcecode.cpp.cpp; path = guiTypeText.cpp; sourceTree = "<group>"; };
		37533B80136E633C00588785 /* guiTypeText.h */ = {isa = PBXFileReference; fileEncoding = 4; lastKnownFileType = sourcecode.c.h; path = guiTypeText.h; sourceTree = "<group>"; };
		37533B81136E633C00588785 /* guiTypeTextDropDown.cpp */ = {isa = PBXFileReference; fileEncoding = 4; lastKnownFileType = sourcecode.cpp.cpp; path = guiTypeTextDropDown.cpp; sourceTree = "<group>"; };
		37533B82136E633C00588785 /* guiTypeTextDropDown.h */ = {isa = PBXFileReference; fileEncoding = 4; lastKnownFileType = sourcecode.c.h; path = guiTypeTextDropDown.h; sourceTree = "<group>"; };
		37533B83136E633C00588785 /* guiTypeTextInput.cpp */ = {isa = PBXFileReference; fileEncoding = 4; lastKnownFileType = sourcecode.cpp.cpp; path = guiTypeTextInput.cpp; sourceTree = "<group>"; };
		37533B84136E633C00588785 /* guiTypeTextInput.h */ = {isa = PBXFileReference; fileEncoding = 4; lastKnownFileType = sourcecode.c.h; path = guiTypeTextInput.h; sourceTree = "<group>"; };
		37533B85136E633C00588785 /* guiTypeToggle.cpp */ = {isa = PBXFileReference; fileEncoding = 4; lastKnownFileType = sourcecode.cpp.cpp; path = guiTypeToggle.cpp; sourceTree = "<group>"; };
		37533B86136E633C00588785 /* guiTypeToggle.h */ = {isa = PBXFileReference; fileEncoding = 4; lastKnownFileType = sourcecode.c.h; path = guiTypeToggle.h; sourceTree = "<group>"; };
		37533B87136E633C00588785 /* guiTypeVairableLister.cpp */ = {isa = PBXFileReference; fileEncoding = 4; lastKnownFileType = sourcecode.cpp.cpp; path = guiTypeVairableLister.cpp; sourceTree = "<group>"; };
		37533B88136E633C00588785 /* guiTypeVairableLister.h */ = {isa = PBXFileReference; fileEncoding = 4; lastKnownFileType = sourcecode.c.h; path = guiTypeVairableLister.h; sourceTree = "<group>"; };
		37533B89136E633C00588785 /* guiTypeVideo.cpp */ = {isa = PBXFileReference; fileEncoding = 4; lastKnownFileType = sourcecode.cpp.cpp; path = guiTypeVideo.cpp; sourceTree = "<group>"; };
		37533B8A136E633C00588785 /* guiTypeVideo.h */ = {isa = PBXFileReference; fileEncoding = 4; lastKnownFileType = sourcecode.c.h; path = guiTypeVideo.h; sourceTree = "<group>"; };
		37533B8B136E633C00588785 /* guiValue.cpp */ = {isa = PBXFileReference; fileEncoding = 4; lastKnownFileType = sourcecode.cpp.cpp; path = guiValue.cpp; sourceTree = "<group>"; };
		37533B8C136E633C00588785 /* guiValue.h */ = {isa = PBXFileReference; fileEncoding = 4; lastKnownFileType = sourcecode.c.h; path = guiValue.h; sourceTree = "<group>"; };
		37533B8D136E633C00588785 /* guiVariablePointer.h */ = {isa = PBXFileReference; fileEncoding = 4; lastKnownFileType = sourcecode.c.h; path = guiVariablePointer.h; sourceTree = "<group>"; };
		37533B8E136E633C00588785 /* guiXmlValue.h */ = {isa = PBXFileReference; fileEncoding = 4; lastKnownFileType = sourcecode.c.h; path = guiXmlValue.h; sourceTree = "<group>"; };
		37533B8F136E633C00588785 /* ofxControlPanel.cpp */ = {isa = PBXFileReference; fileEncoding = 4; lastKnownFileType = sourcecode.cpp.cpp; path = ofxControlPanel.cpp; sourceTree = "<group>"; };
		37533B90136E633C00588785 /* ofxControlPanel.h */ = {isa = PBXFileReference; fileEncoding = 4; lastKnownFileType = sourcecode.c.h; path = ofxControlPanel.h; sourceTree = "<group>"; };
		37533B91136E633C00588785 /* simpleColor.cpp */ = {isa = PBXFileReference; fileEncoding = 4; lastKnownFileType = sourcecode.cpp.cpp; path = simpleColor.cpp; sourceTree = "<group>"; };
		37533B92136E633C00588785 /* simpleColor.h */ = {isa = PBXFileReference; fileEncoding = 4; lastKnownFileType = sourcecode.c.h; path = simpleColor.h; sourceTree = "<group>"; };
		37533B93136E633C00588785 /* simpleFileLister.cpp */ = {isa = PBXFileReference; fileEncoding = 4; lastKnownFileType = sourcecode.cpp.cpp; path = simpleFileLister.cpp; sourceTree = "<group>"; };
		37533B94136E633C00588785 /* simpleFileLister.h */ = {isa = PBXFileReference; fileEncoding = 4; lastKnownFileType = sourcecode.c.h; path = simpleFileLister.h; sourceTree = "<group>"; };
		37533B95136E633C00588785 /* simpleLogger.cpp */ = {isa = PBXFileReference; fileEncoding = 4; lastKnownFileType = sourcecode.cpp.cpp; path = simpleLogger.cpp; sourceTree = "<group>"; };
		37533B96136E633C00588785 /* simpleLogger.h */ = {isa = PBXFileReference; fileEncoding = 4; lastKnownFileType = sourcecode.c.h; path = simpleLogger.h; sourceTree = "<group>"; };
		37533BB7136E635300588785 /* ofxShader.cpp */ = {isa = PBXFileReference; fileEncoding = 4; lastKnownFileType = sourcecode.cpp.cpp; path = ofxShader.cpp; sourceTree = "<group>"; };
		37533BB8136E635300588785 /* ofxShader.h */ = {isa = PBXFileReference; fileEncoding = 4; lastKnownFileType = sourcecode.c.h; path = ofxShader.h; sourceTree = "<group>"; };
		37533BBD136E638600588785 /* GABChromaKey.cpp */ = {isa = PBXFileReference; fileEncoding = 4; lastKnownFileType = sourcecode.cpp.cpp; path = GABChromaKey.cpp; sourceTree = "<group>"; };
		37533BBE136E638600588785 /* GABChromaKey.h */ = {isa = PBXFileReference; fileEncoding = 4; lastKnownFileType = sourcecode.c.h; path = GABChromaKey.h; sourceTree = "<group>"; };
		37533BC4136E63CC00588785 /* chromakey.frag */ = {isa = PBXFileReference; fileEncoding = 4; lastKnownFileType = sourcecode.glsl; name = chromakey.frag; path = ../_old_thesisGreen/bin/data/chromakey.frag; sourceTree = SOURCE_ROOT; };
		37533BC5136E63CC00588785 /* chromakey.vert */ = {isa = PBXFileReference; fileEncoding = 4; lastKnownFileType = sourcecode.glsl; name = chromakey.vert; path = ../_old_thesisGreen/bin/data/chromakey.vert; sourceTree = SOURCE_ROOT; };
		BD4E9E441289BC5D0081794D /* ofxSyphon.h */ = {isa = PBXFileReference; fileEncoding = 4; lastKnownFileType = sourcecode.c.h; path = ofxSyphon.h; sourceTree = "<group>"; };
		BD4E9E451289BC5D0081794D /* ofxSyphonClient.h */ = {isa = PBXFileReference; fileEncoding = 4; lastKnownFileType = sourcecode.c.h; path = ofxSyphonClient.h; sourceTree = "<group>"; };
		BD4E9E461289BC5D0081794D /* ofxSyphonClient.mm */ = {isa = PBXFileReference; fileEncoding = 4; lastKnownFileType = sourcecode.cpp.objcpp; path = ofxSyphonClient.mm; sourceTree = "<group>"; };
		E20A9D5E12881A8F0048A543 /* main.cpp */ = {isa = PBXFileReference; fileEncoding = 4; lastKnownFileType = sourcecode.cpp.cpp; path = main.cpp; sourceTree = "<group>"; };
		E20A9D5F12881A8F0048A543 /* testApp.cpp */ = {isa = PBXFileReference; fileEncoding = 4; lastKnownFileType = sourcecode.cpp.cpp; path = testApp.cpp; sourceTree = "<group>"; };
		E20A9DDC128828C40048A543 /* install.xml */ = {isa = PBXFileReference; fileEncoding = 4; lastKnownFileType = text.xml; path = install.xml; sourceTree = "<group>"; };
		E20A9DE1128828C40048A543 /* Syphon.framework */ = {isa = PBXFileReference; lastKnownFileType = wrapper.framework; path = Syphon.framework; sourceTree = "<group>"; };
		E20A9DE3128828C40048A543 /* ofxSyphonServer.h */ = {isa = PBXFileReference; fileEncoding = 4; lastKnownFileType = sourcecode.c.h; path = ofxSyphonServer.h; sourceTree = "<group>"; };
		E20A9DE4128828C40048A543 /* ofxSyphonServer.mm */ = {isa = PBXFileReference; fileEncoding = 4; lastKnownFileType = sourcecode.cpp.objcpp; path = ofxSyphonServer.mm; sourceTree = "<group>"; };
		E290270812A6A00400F8BDA8 /* SyphonNameboundClient.h */ = {isa = PBXFileReference; fileEncoding = 4; lastKnownFileType = sourcecode.c.h; path = SyphonNameboundClient.h; sourceTree = "<group>"; };
		E290270912A6A00400F8BDA8 /* SyphonNameboundClient.m */ = {isa = PBXFileReference; fileEncoding = 4; lastKnownFileType = sourcecode.c.objc; path = SyphonNameboundClient.m; sourceTree = "<group>"; };
		E45BE0390E8CC647009D7055 /* FreeImage.h */ = {isa = PBXFileReference; fileEncoding = 4; lastKnownFileType = sourcecode.c.h; name = FreeImage.h; path = ../../../libs/freeimage/include/FreeImage.h; sourceTree = SOURCE_ROOT; };
		E45BE03F0E8CC650009D7055 /* fmod.h */ = {isa = PBXFileReference; fileEncoding = 4; lastKnownFileType = sourcecode.c.h; name = fmod.h; path = ../../../libs/fmodex/include/fmod.h; sourceTree = SOURCE_ROOT; };
		E45BE0400E8CC650009D7055 /* fmod.hpp */ = {isa = PBXFileReference; fileEncoding = 4; lastKnownFileType = sourcecode.cpp.h; name = fmod.hpp; path = ../../../libs/fmodex/include/fmod.hpp; sourceTree = SOURCE_ROOT; };
		E45BE0410E8CC650009D7055 /* fmod_codec.h */ = {isa = PBXFileReference; fileEncoding = 4; lastKnownFileType = sourcecode.c.h; name = fmod_codec.h; path = ../../../libs/fmodex/include/fmod_codec.h; sourceTree = SOURCE_ROOT; };
		E45BE0420E8CC650009D7055 /* fmod_dsp.h */ = {isa = PBXFileReference; fileEncoding = 4; lastKnownFileType = sourcecode.c.h; name = fmod_dsp.h; path = ../../../libs/fmodex/include/fmod_dsp.h; sourceTree = SOURCE_ROOT; };
		E45BE0430E8CC650009D7055 /* fmod_errors.h */ = {isa = PBXFileReference; fileEncoding = 4; lastKnownFileType = sourcecode.c.h; name = fmod_errors.h; path = ../../../libs/fmodex/include/fmod_errors.h; sourceTree = SOURCE_ROOT; };
		E45BE0440E8CC650009D7055 /* fmod_output.h */ = {isa = PBXFileReference; fileEncoding = 4; lastKnownFileType = sourcecode.c.h; name = fmod_output.h; path = ../../../libs/fmodex/include/fmod_output.h; sourceTree = SOURCE_ROOT; };
		E45BE0A70E8CC67C009D7055 /* GLee.h */ = {isa = PBXFileReference; fileEncoding = 4; lastKnownFileType = sourcecode.c.h; name = GLee.h; path = ../../../libs/GLee/include/GLee.h; sourceTree = SOURCE_ROOT; };
		E45BE0A90E8CC67C009D7055 /* GLee.a */ = {isa = PBXFileReference; lastKnownFileType = archive.ar; name = GLee.a; path = ../../../libs/GLee/lib/osx/GLee.a; sourceTree = SOURCE_ROOT; };
		E45BE2E00E8CC69C009D7055 /* RtAudio.h */ = {isa = PBXFileReference; fileEncoding = 4; lastKnownFileType = sourcecode.c.h; name = RtAudio.h; path = ../../../libs/rtAudio/include/RtAudio.h; sourceTree = SOURCE_ROOT; };
		E45BE2E10E8CC69C009D7055 /* RtError.h */ = {isa = PBXFileReference; fileEncoding = 4; lastKnownFileType = sourcecode.c.h; name = RtError.h; path = ../../../libs/rtAudio/include/RtError.h; sourceTree = SOURCE_ROOT; };
		E45BE2E30E8CC69C009D7055 /* rtAudio.a */ = {isa = PBXFileReference; lastKnownFileType = archive.ar; name = rtAudio.a; path = ../../../libs/rtAudio/lib/osx/rtAudio.a; sourceTree = SOURCE_ROOT; };
		E45BE9710E8CC7DD009D7055 /* AGL.framework */ = {isa = PBXFileReference; lastKnownFileType = wrapper.framework; name = AGL.framework; path = /System/Library/Frameworks/AGL.framework; sourceTree = "<absolute>"; };
		E45BE9720E8CC7DD009D7055 /* ApplicationServices.framework */ = {isa = PBXFileReference; lastKnownFileType = wrapper.framework; name = ApplicationServices.framework; path = /System/Library/Frameworks/ApplicationServices.framework; sourceTree = "<absolute>"; };
		E45BE9730E8CC7DD009D7055 /* AudioToolbox.framework */ = {isa = PBXFileReference; lastKnownFileType = wrapper.framework; name = AudioToolbox.framework; path = /System/Library/Frameworks/AudioToolbox.framework; sourceTree = "<absolute>"; };
		E45BE9740E8CC7DD009D7055 /* Carbon.framework */ = {isa = PBXFileReference; lastKnownFileType = wrapper.framework; name = Carbon.framework; path = /System/Library/Frameworks/Carbon.framework; sourceTree = "<absolute>"; };
		E45BE9750E8CC7DD009D7055 /* CoreAudio.framework */ = {isa = PBXFileReference; lastKnownFileType = wrapper.framework; name = CoreAudio.framework; path = /System/Library/Frameworks/CoreAudio.framework; sourceTree = "<absolute>"; };
		E45BE9760E8CC7DD009D7055 /* CoreFoundation.framework */ = {isa = PBXFileReference; lastKnownFileType = wrapper.framework; name = CoreFoundation.framework; path = /System/Library/Frameworks/CoreFoundation.framework; sourceTree = "<absolute>"; };
		E45BE9770E8CC7DD009D7055 /* CoreServices.framework */ = {isa = PBXFileReference; lastKnownFileType = wrapper.framework; name = CoreServices.framework; path = /System/Library/Frameworks/CoreServices.framework; sourceTree = "<absolute>"; };
		E45BE9790E8CC7DD009D7055 /* OpenGL.framework */ = {isa = PBXFileReference; lastKnownFileType = wrapper.framework; name = OpenGL.framework; path = /System/Library/Frameworks/OpenGL.framework; sourceTree = "<absolute>"; };
		E45BE97A0E8CC7DD009D7055 /* QuickTime.framework */ = {isa = PBXFileReference; lastKnownFileType = wrapper.framework; name = QuickTime.framework; path = /System/Library/Frameworks/QuickTime.framework; sourceTree = "<absolute>"; };
		E4B69B5B0A3A1756003C02F2 /* SyphonExampleDebug.app */ = {isa = PBXFileReference; explicitFileType = wrapper.application; includeInIndex = 0; path = SyphonExampleDebug.app; sourceTree = BUILT_PRODUCTS_DIR; };
		E4B69E1F0A3A1BDC003C02F2 /* testApp.h */ = {isa = PBXFileReference; fileEncoding = 30; lastKnownFileType = sourcecode.c.h; name = testApp.h; path = src/testApp.h; sourceTree = SOURCE_ROOT; };
		E4B6FCAD0C3E899E008CF71C /* openFrameworks-Info.plist */ = {isa = PBXFileReference; fileEncoding = 30; lastKnownFileType = text.plist.xml; path = "openFrameworks-Info.plist"; sourceTree = "<group>"; };
		E4C2421610CC549C004149E2 /* openFrameworksLib.xcodeproj */ = {isa = PBXFileReference; lastKnownFileType = "wrapper.pb-project"; name = openFrameworksLib.xcodeproj; path = ../../../libs/openFrameworksCompiled/project/osx/openFrameworksLib.xcodeproj; sourceTree = SOURCE_ROOT; };
		E4C2424410CC5A17004149E2 /* AppKit.framework */ = {isa = PBXFileReference; lastKnownFileType = wrapper.framework; name = AppKit.framework; path = /System/Library/Frameworks/AppKit.framework; sourceTree = "<absolute>"; };
		E4C2424510CC5A17004149E2 /* Cocoa.framework */ = {isa = PBXFileReference; lastKnownFileType = wrapper.framework; name = Cocoa.framework; path = /System/Library/Frameworks/Cocoa.framework; sourceTree = "<absolute>"; };
		E4C2424610CC5A17004149E2 /* IOKit.framework */ = {isa = PBXFileReference; lastKnownFileType = wrapper.framework; name = IOKit.framework; path = /System/Library/Frameworks/IOKit.framework; sourceTree = "<absolute>"; };
		E4C2425F10CC5A78004149E2 /* GLUT.framework */ = {isa = PBXFileReference; lastKnownFileType = wrapper.framework; name = GLUT.framework; path = ../../../libs/glut/lib/osx/GLUT.framework; sourceTree = SOURCE_ROOT; };
		E4C2427A10CC5B66004149E2 /* CppUnit.a */ = {isa = PBXFileReference; lastKnownFileType = archive.ar; name = CppUnit.a; path = ../../../libs/poco/lib/osx/CppUnit.a; sourceTree = SOURCE_ROOT; };
		E4C2427B10CC5B66004149E2 /* PocoFoundation.a */ = {isa = PBXFileReference; lastKnownFileType = archive.ar; name = PocoFoundation.a; path = ../../../libs/poco/lib/osx/PocoFoundation.a; sourceTree = SOURCE_ROOT; };
		E4C2427C10CC5B66004149E2 /* PocoNet.a */ = {isa = PBXFileReference; lastKnownFileType = archive.ar; name = PocoNet.a; path = ../../../libs/poco/lib/osx/PocoNet.a; sourceTree = SOURCE_ROOT; };
		E4C2427D10CC5B66004149E2 /* PocoUtil.a */ = {isa = PBXFileReference; lastKnownFileType = archive.ar; name = PocoUtil.a; path = ../../../libs/poco/lib/osx/PocoUtil.a; sourceTree = SOURCE_ROOT; };
		E4C2427E10CC5B66004149E2 /* PocoXML.a */ = {isa = PBXFileReference; lastKnownFileType = archive.ar; name = PocoXML.a; path = ../../../libs/poco/lib/osx/PocoXML.a; sourceTree = SOURCE_ROOT; };
		E4C2429310CC5C38004149E2 /* freetype.a */ = {isa = PBXFileReference; lastKnownFileType = archive.ar; name = freetype.a; path = ../../../libs/freetype/lib/osx/freetype.a; sourceTree = SOURCE_ROOT; };
		E4C242CC10CC650E004149E2 /* libfmodex.dylib */ = {isa = PBXFileReference; lastKnownFileType = "compiled.mach-o.dylib"; name = libfmodex.dylib; path = ../../../libs/fmodex/lib/osx/libfmodex.dylib; sourceTree = SOURCE_ROOT; };
		E4C246D910CCAE22004149E2 /* freeimage.a */ = {isa = PBXFileReference; lastKnownFileType = archive.ar; name = freeimage.a; path = ../../../libs/FreeImage/lib/osx/freeimage.a; sourceTree = SOURCE_ROOT; };
/* End PBXFileReference section */

/* Begin PBXFrameworksBuildPhase section */
		E4B69B590A3A1756003C02F2 /* Frameworks */ = {
			isa = PBXFrameworksBuildPhase;
			buildActionMask = 2147483647;
			files = (
				E4C2422B10CC554B004149E2 /* openFrameworksDebug.a in Frameworks */,
				E45BE0AA0E8CC67C009D7055 /* GLee.a in Frameworks */,
				E45BE2E40E8CC69C009D7055 /* rtAudio.a in Frameworks */,
				E45BE97B0E8CC7DD009D7055 /* AGL.framework in Frameworks */,
				E45BE97C0E8CC7DD009D7055 /* ApplicationServices.framework in Frameworks */,
				E45BE97D0E8CC7DD009D7055 /* AudioToolbox.framework in Frameworks */,
				E45BE97E0E8CC7DD009D7055 /* Carbon.framework in Frameworks */,
				E45BE97F0E8CC7DD009D7055 /* CoreAudio.framework in Frameworks */,
				E45BE9800E8CC7DD009D7055 /* CoreFoundation.framework in Frameworks */,
				E45BE9810E8CC7DD009D7055 /* CoreServices.framework in Frameworks */,
				E45BE9830E8CC7DD009D7055 /* OpenGL.framework in Frameworks */,
				E45BE9840E8CC7DD009D7055 /* QuickTime.framework in Frameworks */,
				E4C2424710CC5A17004149E2 /* AppKit.framework in Frameworks */,
				E4C2424810CC5A17004149E2 /* Cocoa.framework in Frameworks */,
				E4C2424910CC5A17004149E2 /* IOKit.framework in Frameworks */,
				E4C2426610CC5A78004149E2 /* GLUT.framework in Frameworks */,
				E4C2427F10CC5B66004149E2 /* CppUnit.a in Frameworks */,
				E4C2428010CC5B66004149E2 /* PocoFoundation.a in Frameworks */,
				E4C2428110CC5B66004149E2 /* PocoNet.a in Frameworks */,
				E4C2428210CC5B66004149E2 /* PocoUtil.a in Frameworks */,
				E4C2428310CC5B66004149E2 /* PocoXML.a in Frameworks */,
				E4C2429410CC5C38004149E2 /* freetype.a in Frameworks */,
				E4C242CD10CC650E004149E2 /* libfmodex.dylib in Frameworks */,
				E4C246DA10CCAE22004149E2 /* freeimage.a in Frameworks */,
				32114BBF1239468A00DC9B58 /* CoreVideo.framework in Frameworks */,
				32114BC11239468A00DC9B58 /* QTKit.framework in Frameworks */,
				E20A9DE5128828C40048A543 /* Syphon.framework in Frameworks */,
			);
			runOnlyForDeploymentPostprocessing = 0;
		};
/* End PBXFrameworksBuildPhase section */

/* Begin PBXGroup section */
		37533B3B136E62A400588785 /* ofxXmlSettings */ = {
			isa = PBXGroup;
			children = (
				37533B3C136E62A400588785 /* install.xml */,
				37533B3D136E62A400588785 /* libs */,
				37533B42136E62A400588785 /* src */,
			);
			name = ofxXmlSettings;
			path = ../../../addons/ofxXmlSettings;
			sourceTree = SOURCE_ROOT;
		};
		37533B3D136E62A400588785 /* libs */ = {
			isa = PBXGroup;
			children = (
				37533B3E136E62A400588785 /* tinyxml.cpp */,
				37533B3F136E62A400588785 /* tinyxml.h */,
				37533B40136E62A400588785 /* tinyxmlerror.cpp */,
				37533B41136E62A400588785 /* tinyxmlparser.cpp */,
			);
			path = libs;
			sourceTree = "<group>";
		};
		37533B42136E62A400588785 /* src */ = {
			isa = PBXGroup;
			children = (
				37533B43136E62A400588785 /* ofxXmlSettings.cpp */,
				37533B44136E62A400588785 /* ofxXmlSettings.h */,
			);
			path = src;
			sourceTree = "<group>";
		};
		37533B45136E62A400588785 /* ofxDirList */ = {
			isa = PBXGroup;
			children = (
				37533B46136E62A400588785 /* doc */,
				37533B48136E62A400588785 /* install.xml */,
				37533B49136E62A400588785 /* src */,
			);
			name = ofxDirList;
			path = ../../../addons/ofxDirList;
			sourceTree = SOURCE_ROOT;
		};
		37533B46136E62A400588785 /* doc */ = {
			isa = PBXGroup;
			children = (
				37533B47136E62A400588785 /* Instructions.txt */,
			);
			path = doc;
			sourceTree = "<group>";
		};
		37533B49136E62A400588785 /* src */ = {
			isa = PBXGroup;
			children = (
				37533B4A136E62A400588785 /* ofxDirList.cpp */,
				37533B4B136E62A400588785 /* ofxDirList.h */,
			);
			path = src;
			sourceTree = "<group>";
		};
		37533B5A136E633C00588785 /* ofxControlPanel */ = {
			isa = PBXGroup;
			children = (
				37533B5B136E633C00588785 /* ofxAutoControlPanel.h */,
				37533B5C136E633C00588785 /* src */,
			);
			path = ofxControlPanel;
			sourceTree = "<group>";
		};
		37533B5C136E633C00588785 /* src */ = {
			isa = PBXGroup;
			children = (
				37533B5D136E633C00588785 /* guiBaseObject.cpp */,
				37533B5E136E633C00588785 /* guiBaseObject.h */,
				37533B5F136E633C00588785 /* guiCallback.cpp */,
				37533B60136E633C00588785 /* guiCallback.h */,
				37533B61136E633C00588785 /* guiCallbackValue.cpp */,
				37533B62136E633C00588785 /* guiCallbackValue.h */,
				37533B63136E633C00588785 /* guiColor.cpp */,
				37533B64136E633C00588785 /* guiColor.h */,
				37533B65136E633C00588785 /* guiCustomImpl.h */,
				37533B66136E633C00588785 /* guiIncludes.h */,
				37533B67136E633C00588785 /* guiTextBase.cpp */,
				37533B68136E633C00588785 /* guiTextBase.h */,
				37533B69136E633C00588785 /* guiType2DSlider.cpp */,
				37533B6A136E633C00588785 /* guiType2DSlider.h */,
				37533B6B136E633C00588785 /* guiTypeButtonSlider.cpp */,
				37533B6C136E633C00588785 /* guiTypeButtonSlider.h */,
				37533B6D136E633C00588785 /* guiTypeChartPlotter.cpp */,
				37533B6E136E633C00588785 /* guiTypeChartPlotter.h */,
				37533B6F136E633C00588785 /* guiTypeCustom.cpp */,
				37533B70136E633C00588785 /* guiTypeCustom.h */,
				37533B71136E633C00588785 /* guiTypeDrawable.cpp */,
				37533B72136E633C00588785 /* guiTypeDrawable.h */,
				37533B73136E633C00588785 /* guiTypeFileLister.cpp */,
				37533B74136E633C00588785 /* guiTypeFileLister.h */,
				37533B75136E633C00588785 /* guiTypeLabel.cpp */,
				37533B76136E633C00588785 /* guiTypeLabel.h */,
				37533B77136E633C00588785 /* guiTypeLogger.cpp */,
				37533B78136E633C00588785 /* guiTypeLogger.h */,
				37533B79136E633C00588785 /* guiTypeMultiToggle.cpp */,
				37533B7A136E633C00588785 /* guiTypeMultiToggle.h */,
				37533B7B136E633C00588785 /* guiTypePanel.cpp */,
				37533B7C136E633C00588785 /* guiTypePanel.h */,
				37533B7D136E633C00588785 /* guiTypeSlider.cpp */,
				37533B7E136E633C00588785 /* guiTypeSlider.h */,
				37533B7F136E633C00588785 /* guiTypeText.cpp */,
				37533B80136E633C00588785 /* guiTypeText.h */,
				37533B81136E633C00588785 /* guiTypeTextDropDown.cpp */,
				37533B82136E633C00588785 /* guiTypeTextDropDown.h */,
				37533B83136E633C00588785 /* guiTypeTextInput.cpp */,
				37533B84136E633C00588785 /* guiTypeTextInput.h */,
				37533B85136E633C00588785 /* guiTypeToggle.cpp */,
				37533B86136E633C00588785 /* guiTypeToggle.h */,
				37533B87136E633C00588785 /* guiTypeVairableLister.cpp */,
				37533B88136E633C00588785 /* guiTypeVairableLister.h */,
				37533B89136E633C00588785 /* guiTypeVideo.cpp */,
				37533B8A136E633C00588785 /* guiTypeVideo.h */,
				37533B8B136E633C00588785 /* guiValue.cpp */,
				37533B8C136E633C00588785 /* guiValue.h */,
				37533B8D136E633C00588785 /* guiVariablePointer.h */,
				37533B8E136E633C00588785 /* guiXmlValue.h */,
				37533B8F136E633C00588785 /* ofxControlPanel.cpp */,
				37533B90136E633C00588785 /* ofxControlPanel.h */,
				37533B91136E633C00588785 /* simpleColor.cpp */,
				37533B92136E633C00588785 /* simpleColor.h */,
				37533B93136E633C00588785 /* simpleFileLister.cpp */,
				37533B94136E633C00588785 /* simpleFileLister.h */,
				37533B95136E633C00588785 /* simpleLogger.cpp */,
				37533B96136E633C00588785 /* simpleLogger.h */,
			);
			path = src;
			sourceTree = "<group>";
		};
		37533BB5136E635300588785 /* ofxShader */ = {
			isa = PBXGroup;
			children = (
				37533BB6136E635300588785 /* src */,
			);
			name = ofxShader;
			path = ../../../addons/ofxShader;
			sourceTree = SOURCE_ROOT;
		};
		37533BB6136E635300588785 /* src */ = {
			isa = PBXGroup;
			children = (
				37533BB7136E635300588785 /* ofxShader.cpp */,
				37533BB8136E635300588785 /* ofxShader.h */,
			);
			path = src;
			sourceTree = "<group>";
		};
		E20A9DD0128828AB0048A543 /* addons */ = {
			isa = PBXGroup;
			children = (
				37533BB5136E635300588785 /* ofxShader */,
				37533B3B136E62A400588785 /* ofxXmlSettings */,
				37533B45136E62A400588785 /* ofxDirList */,
				E20A9DDB128828C40048A543 /* ofxSyphon */,
			);
			name = addons;
			sourceTree = "<group>";
		};
		E20A9DDB128828C40048A543 /* ofxSyphon */ = {
			isa = PBXGroup;
			children = (
				E20A9DDC128828C40048A543 /* install.xml */,
				E20A9DDD128828C40048A543 /* libs */,
				E20A9DE2128828C40048A543 /* src */,
			);
			name = ofxSyphon;
			path = ../../../addons/ofxSyphon;
			sourceTree = SOURCE_ROOT;
		};
		E20A9DDD128828C40048A543 /* libs */ = {
			isa = PBXGroup;
			children = (
				E20A9DDE128828C40048A543 /* Syphon */,
			);
			path = libs;
			sourceTree = "<group>";
		};
		E20A9DDE128828C40048A543 /* Syphon */ = {
			isa = PBXGroup;
			children = (
				E20A9DDF128828C40048A543 /* lib */,
			);
			path = Syphon;
			sourceTree = "<group>";
		};
		E20A9DDF128828C40048A543 /* lib */ = {
			isa = PBXGroup;
			children = (
				E20A9DE0128828C40048A543 /* osx */,
			);
			path = lib;
			sourceTree = "<group>";
		};
		E20A9DE0128828C40048A543 /* osx */ = {
			isa = PBXGroup;
			children = (
				E20A9DE1128828C40048A543 /* Syphon.framework */,
				E290270812A6A00400F8BDA8 /* SyphonNameboundClient.h */,
				E290270912A6A00400F8BDA8 /* SyphonNameboundClient.m */,
			);
			path = osx;
			sourceTree = "<group>";
		};
		E20A9DE2128828C40048A543 /* src */ = {
			isa = PBXGroup;
			children = (
				BD4E9E441289BC5D0081794D /* ofxSyphon.h */,
				BD4E9E451289BC5D0081794D /* ofxSyphonClient.h */,
				BD4E9E461289BC5D0081794D /* ofxSyphonClient.mm */,
				E20A9DE3128828C40048A543 /* ofxSyphonServer.h */,
				E20A9DE4128828C40048A543 /* ofxSyphonServer.mm */,
			);
			path = src;
			sourceTree = "<group>";
		};
		E45BE0360E8CC5DE009D7055 /* libs */ = {
			isa = PBXGroup;
			children = (
				E45BEED60E8CCB34009D7055 /* core */,
			);
			name = libs;
			sourceTree = "<group>";
		};
		E45BE0370E8CC647009D7055 /* freeimage */ = {
			isa = PBXGroup;
			children = (
				E4C246D810CCAE22004149E2 /* osx */,
				E45BE0380E8CC647009D7055 /* include */,
			);
			name = freeimage;
			path = ../../../libs/freeimage;
			sourceTree = SOURCE_ROOT;
		};
		E45BE0380E8CC647009D7055 /* include */ = {
			isa = PBXGroup;
			children = (
				E45BE0390E8CC647009D7055 /* FreeImage.h */,
			);
			name = include;
			path = ../../../libs/freeimage/include;
			sourceTree = SOURCE_ROOT;
		};
		E45BE03D0E8CC650009D7055 /* fmodex */ = {
			isa = PBXGroup;
			children = (
				E45BE03E0E8CC650009D7055 /* inc */,
				E4C2428E10CC5C18004149E2 /* osx */,
			);
			name = fmodex;
			path = ../../../libs/fmodex;
			sourceTree = SOURCE_ROOT;
		};
		E45BE03E0E8CC650009D7055 /* inc */ = {
			isa = PBXGroup;
			children = (
				E45BE03F0E8CC650009D7055 /* fmod.h */,
				E45BE0400E8CC650009D7055 /* fmod.hpp */,
				E45BE0410E8CC650009D7055 /* fmod_codec.h */,
				E45BE0420E8CC650009D7055 /* fmod_dsp.h */,
				E45BE0430E8CC650009D7055 /* fmod_errors.h */,
				E45BE0440E8CC650009D7055 /* fmod_output.h */,
			);
			name = inc;
			path = ../../../libs/fmodex/include;
			sourceTree = SOURCE_ROOT;
		};
		E45BE0480E8CC657009D7055 /* core libraries */ = {
			isa = PBXGroup;
			children = (
				E4C2425B10CC5A78004149E2 /* glut */,
				E45BEC7B0E8CC911009D7055 /* poco */,
				E45BE2D50E8CC69C009D7055 /* rtAudio */,
				E45BE0A50E8CC67C009D7055 /* GLee */,
				E45BE0490E8CC676009D7055 /* freetype */,
				E45BE03D0E8CC650009D7055 /* fmodex */,
				E45BE0370E8CC647009D7055 /* freeimage */,
			);
			name = "core libraries";
			sourceTree = "<group>";
		};
		E45BE0490E8CC676009D7055 /* freetype */ = {
			isa = PBXGroup;
			children = (
				E4C2429210CC5C38004149E2 /* osx */,
			);
			name = freetype;
			path = ../../../libs/freetype;
			sourceTree = SOURCE_ROOT;
		};
		E45BE0A50E8CC67C009D7055 /* GLee */ = {
			isa = PBXGroup;
			children = (
				E45BE0A60E8CC67C009D7055 /* include */,
				E45BE0A80E8CC67C009D7055 /* lib */,
			);
			name = GLee;
			path = ../../../libs/GLee;
			sourceTree = SOURCE_ROOT;
		};
		E45BE0A60E8CC67C009D7055 /* include */ = {
			isa = PBXGroup;
			children = (
				E45BE0A70E8CC67C009D7055 /* GLee.h */,
			);
			name = include;
			path = ../../../libs/GLee/include;
			sourceTree = SOURCE_ROOT;
		};
		E45BE0A80E8CC67C009D7055 /* lib */ = {
			isa = PBXGroup;
			children = (
				E45BE0A90E8CC67C009D7055 /* GLee.a */,
			);
			name = lib;
			path = ../../../libs/GLee/lib/osx;
			sourceTree = SOURCE_ROOT;
		};
		E45BE2D50E8CC69C009D7055 /* rtAudio */ = {
			isa = PBXGroup;
			children = (
				E45BE2D60E8CC69C009D7055 /* include */,
				E45BE2E20E8CC69C009D7055 /* lib */,
			);
			name = rtAudio;
			path = ../../../libs/rtAudio;
			sourceTree = SOURCE_ROOT;
		};
		E45BE2D60E8CC69C009D7055 /* include */ = {
			isa = PBXGroup;
			children = (
				E45BE2D70E8CC69C009D7055 /* asio */,
				E45BE2E00E8CC69C009D7055 /* RtAudio.h */,
				E45BE2E10E8CC69C009D7055 /* RtError.h */,
			);
			name = include;
			path = ../../../libs/rtAudio/include;
			sourceTree = SOURCE_ROOT;
		};
		E45BE2D70E8CC69C009D7055 /* asio */ = {
			isa = PBXGroup;
			children = (
			);
			name = asio;
			path = ../../../libs/rtAudio/include/asio;
			sourceTree = SOURCE_ROOT;
		};
		E45BE2E20E8CC69C009D7055 /* lib */ = {
			isa = PBXGroup;
			children = (
				E45BE2E30E8CC69C009D7055 /* rtAudio.a */,
			);
			name = lib;
			path = ../../../libs/rtAudio/lib/osx;
			sourceTree = SOURCE_ROOT;
		};
		E45BE5980E8CC70C009D7055 /* core frameworks */ = {
			isa = PBXGroup;
			children = (
				3216383212876FAD001F3D0D /* Syphon.framework */,
				32114BBE1239468A00DC9B58 /* CoreVideo.framework */,
				32114BC01239468A00DC9B58 /* QTKit.framework */,
				E4C2424410CC5A17004149E2 /* AppKit.framework */,
				E4C2424510CC5A17004149E2 /* Cocoa.framework */,
				E4C2424610CC5A17004149E2 /* IOKit.framework */,
				E45BE9710E8CC7DD009D7055 /* AGL.framework */,
				E45BE9720E8CC7DD009D7055 /* ApplicationServices.framework */,
				E45BE9730E8CC7DD009D7055 /* AudioToolbox.framework */,
				E45BE9740E8CC7DD009D7055 /* Carbon.framework */,
				E45BE9750E8CC7DD009D7055 /* CoreAudio.framework */,
				E45BE9760E8CC7DD009D7055 /* CoreFoundation.framework */,
				E45BE9770E8CC7DD009D7055 /* CoreServices.framework */,
				E45BE9790E8CC7DD009D7055 /* OpenGL.framework */,
				E45BE97A0E8CC7DD009D7055 /* QuickTime.framework */,
			);
			name = "core frameworks";
			sourceTree = "<group>";
		};
		E45BEC7B0E8CC911009D7055 /* poco */ = {
			isa = PBXGroup;
			children = (
				E4C2427910CC5B66004149E2 /* osx */,
			);
			name = poco;
			path = ../../../libs/poco;
			sourceTree = SOURCE_ROOT;
		};
		E45BEED60E8CCB34009D7055 /* core */ = {
			isa = PBXGroup;
			children = (
				E45BE0480E8CC657009D7055 /* core libraries */,
				E45BE5980E8CC70C009D7055 /* core frameworks */,
			);
			name = core;
			sourceTree = "<group>";
		};
		E4B69B4A0A3A1720003C02F2 = {
			isa = PBXGroup;
			children = (
				E4B69B5B0A3A1756003C02F2 /* SyphonExampleDebug.app */,
				37533BC4136E63CC00588785 /* chromakey.frag */,
				37533BC5136E63CC00588785 /* chromakey.vert */,
				E4B6FCAD0C3E899E008CF71C /* openFrameworks-Info.plist */,
				E4B69E1C0A3A1BDC003C02F2 /* src */,
				E4C2422310CC54B6004149E2 /* openFrameworks */,
				E20A9DD0128828AB0048A543 /* addons */,
				E45BE0360E8CC5DE009D7055 /* libs */,
			);
			sourceTree = "<group>";
		};
		E4B69E1C0A3A1BDC003C02F2 /* src */ = {
			isa = PBXGroup;
			children = (
				37533B58136E633C00588785 /* ofx3dGraphics.cpp */,
				37533BBD136E638600588785 /* GABChromaKey.cpp */,
				37533BBE136E638600588785 /* GABChromaKey.h */,
				37533B59136E633C00588785 /* ofx3dGraphics.h */,
				37533B5A136E633C00588785 /* ofxControlPanel */,
				E20A9D5E12881A8F0048A543 /* main.cpp */,
				E20A9D5F12881A8F0048A543 /* testApp.cpp */,
				E4B69E1F0A3A1BDC003C02F2 /* testApp.h */,
			);
			path = src;
			sourceTree = SOURCE_ROOT;
		};
		E4C2421710CC549C004149E2 /* Products */ = {
			isa = PBXGroup;
			children = (
				E4C2421E10CC549C004149E2 /* openFrameworksDebug.a */,
			);
			name = Products;
			sourceTree = "<group>";
		};
		E4C2422310CC54B6004149E2 /* openFrameworks */ = {
			isa = PBXGroup;
			children = (
				E4C2421610CC549C004149E2 /* openFrameworksLib.xcodeproj */,
			);
			name = openFrameworks;
			sourceTree = "<group>";
		};
		E4C2425B10CC5A78004149E2 /* glut */ = {
			isa = PBXGroup;
			children = (
				E4C2425D10CC5A78004149E2 /* lib */,
			);
			name = glut;
			path = ../../../libs/glut;
			sourceTree = SOURCE_ROOT;
		};
		E4C2425D10CC5A78004149E2 /* lib */ = {
			isa = PBXGroup;
			children = (
				E4C2425E10CC5A78004149E2 /* osx */,
			);
			name = lib;
			path = ../../../libs/glut/lib;
			sourceTree = SOURCE_ROOT;
		};
		E4C2425E10CC5A78004149E2 /* osx */ = {
			isa = PBXGroup;
			children = (
				E4C2425F10CC5A78004149E2 /* GLUT.framework */,
			);
			name = osx;
			path = ../../../libs/glut/lib/osx;
			sourceTree = SOURCE_ROOT;
		};
		E4C2427910CC5B66004149E2 /* osx */ = {
			isa = PBXGroup;
			children = (
				E4C2427A10CC5B66004149E2 /* CppUnit.a */,
				E4C2427B10CC5B66004149E2 /* PocoFoundation.a */,
				E4C2427C10CC5B66004149E2 /* PocoNet.a */,
				E4C2427D10CC5B66004149E2 /* PocoUtil.a */,
				E4C2427E10CC5B66004149E2 /* PocoXML.a */,
			);
			name = osx;
			path = ../../../libs/poco/lib/osx;
			sourceTree = SOURCE_ROOT;
		};
		E4C2428E10CC5C18004149E2 /* osx */ = {
			isa = PBXGroup;
			children = (
				E4C242CC10CC650E004149E2 /* libfmodex.dylib */,
			);
			name = osx;
			path = ../../../libs/fmodex/lib/osx;
			sourceTree = SOURCE_ROOT;
		};
		E4C2429210CC5C38004149E2 /* osx */ = {
			isa = PBXGroup;
			children = (
				E4C2429310CC5C38004149E2 /* freetype.a */,
			);
			name = osx;
			path = ../../../libs/freetype/lib/osx;
			sourceTree = SOURCE_ROOT;
		};
		E4C246D810CCAE22004149E2 /* osx */ = {
			isa = PBXGroup;
			children = (
				E4C246D910CCAE22004149E2 /* freeimage.a */,
			);
			name = osx;
			path = ../../../libs/FreeImage/lib/osx;
			sourceTree = SOURCE_ROOT;
		};
/* End PBXGroup section */

/* Begin PBXNativeTarget section */
		E4B69B5A0A3A1756003C02F2 /* SyphonExample */ = {
			isa = PBXNativeTarget;
			buildConfigurationList = E4B69B5F0A3A1757003C02F2 /* Build configuration list for PBXNativeTarget "SyphonExample" */;
			buildPhases = (
				E4B69B580A3A1756003C02F2 /* Sources */,
				E4B69B590A3A1756003C02F2 /* Frameworks */,
				E4B6FFFD0C3F9AB9008CF71C /* ShellScript */,
				E4C2427710CC5ABF004149E2 /* CopyFiles */,
				E4C2444710CC769B004149E2 /* CopyFiles */,
			);
			buildRules = (
			);
			dependencies = (
				E4C2422810CC54DA004149E2 /* PBXTargetDependency */,
			);
			name = SyphonExample;
			productName = myOFApp;
			productReference = E4B69B5B0A3A1756003C02F2 /* SyphonExampleDebug.app */;
			productType = "com.apple.product-type.application";
		};
/* End PBXNativeTarget section */

/* Begin PBXProject section */
		E4B69B4C0A3A1720003C02F2 /* Project object */ = {
			isa = PBXProject;
			buildConfigurationList = E4B69B4D0A3A1720003C02F2 /* Build configuration list for PBXProject "thesisGreen" */;
			compatibilityVersion = "Xcode 2.4";
			hasScannedForEncodings = 0;
			knownRegions = (
				English,
				Japanese,
				French,
				German,
			);
			mainGroup = E4B69B4A0A3A1720003C02F2;
			productRefGroup = E4B69B4A0A3A1720003C02F2;
			projectDirPath = "";
			projectReferences = (
				{
					ProductGroup = E4C2421710CC549C004149E2 /* Products */;
					ProjectRef = E4C2421610CC549C004149E2 /* openFrameworksLib.xcodeproj */;
				},
			);
			projectRoot = "";
			targets = (
				E4B69B5A0A3A1756003C02F2 /* SyphonExample */,
			);
		};
/* End PBXProject section */

/* Begin PBXReferenceProxy section */
		E4C2421E10CC549C004149E2 /* openFrameworksDebug.a */ = {
			isa = PBXReferenceProxy;
			fileType = archive.ar;
			path = openFrameworksDebug.a;
			remoteRef = E4C2421D10CC549C004149E2 /* PBXContainerItemProxy */;
			sourceTree = BUILT_PRODUCTS_DIR;
		};
/* End PBXReferenceProxy section */

/* Begin PBXShellScriptBuildPhase section */
		E4B6FFFD0C3F9AB9008CF71C /* ShellScript */ = {
			isa = PBXShellScriptBuildPhase;
			buildActionMask = 2147483647;
			files = (
			);
			inputPaths = (
			);
			outputPaths = (
			);
			runOnlyForDeploymentPostprocessing = 0;
			shellPath = /bin/sh;
			shellScript = "cp -f ../../../libs/fmodex/lib/osx/libfmodex.dylib \"$TARGET_BUILD_DIR/$PRODUCT_NAME.app/Contents/MacOS/libfmodex.dylib\"\ninstall_name_tool -change ./libfmodex.dylib @executable_path/libfmodex.dylib \"$TARGET_BUILD_DIR/$PRODUCT_NAME.app/Contents/MacOS/$PRODUCT_NAME\" ";
		};
/* End PBXShellScriptBuildPhase section */

/* Begin PBXSourcesBuildPhase section */
		E4B69B580A3A1756003C02F2 /* Sources */ = {
			isa = PBXSourcesBuildPhase;
			buildActionMask = 2147483647;
			files = (
				E29026FD12A69FD100F8BDA8 /* ofxSyphonClient.mm in Sources */,
				E20A9D6012881A8F0048A543 /* main.cpp in Sources */,
				E20A9D6112881A8F0048A543 /* testApp.cpp in Sources */,
				E20A9DE6128828C40048A543 /* ofxSyphonServer.mm in Sources */,
				E290270A12A6A00400F8BDA8 /* SyphonNameboundClient.m in Sources */,
				37533B4C136E62A400588785 /* tinyxml.cpp in Sources */,
				37533B4D136E62A400588785 /* tinyxmlerror.cpp in Sources */,
				37533B4E136E62A400588785 /* tinyxmlparser.cpp in Sources */,
				37533B4F136E62A400588785 /* ofxXmlSettings.cpp in Sources */,
				37533B50136E62A400588785 /* ofxDirList.cpp in Sources */,
				37533B97136E633C00588785 /* ofx3dGraphics.cpp in Sources */,
				37533B98136E633C00588785 /* guiBaseObject.cpp in Sources */,
				37533B99136E633C00588785 /* guiCallback.cpp in Sources */,
				37533B9A136E633C00588785 /* guiCallbackValue.cpp in Sources */,
				37533B9B136E633C00588785 /* guiColor.cpp in Sources */,
				37533B9C136E633C00588785 /* guiTextBase.cpp in Sources */,
				37533B9D136E633C00588785 /* guiType2DSlider.cpp in Sources */,
				37533B9E136E633C00588785 /* guiTypeButtonSlider.cpp in Sources */,
				37533B9F136E633C00588785 /* guiTypeChartPlotter.cpp in Sources */,
				37533BA0136E633C00588785 /* guiTypeCustom.cpp in Sources */,
				37533BA1136E633C00588785 /* guiTypeDrawable.cpp in Sources */,
				37533BA2136E633C00588785 /* guiTypeFileLister.cpp in Sources */,
				37533BA3136E633C00588785 /* guiTypeLabel.cpp in Sources */,
				37533BA4136E633C00588785 /* guiTypeLogger.cpp in Sources */,
				37533BA5136E633C00588785 /* guiTypeMultiToggle.cpp in Sources */,
				37533BA6136E633C00588785 /* guiTypePanel.cpp in Sources */,
				37533BA7136E633C00588785 /* guiTypeSlider.cpp in Sources */,
				37533BA8136E633C00588785 /* guiTypeText.cpp in Sources */,
				37533BA9136E633C00588785 /* guiTypeTextDropDown.cpp in Sources */,
				37533BAA136E633C00588785 /* guiTypeTextInput.cpp in Sources */,
				37533BAB136E633C00588785 /* guiTypeToggle.cpp in Sources */,
				37533BAC136E633C00588785 /* guiTypeVairableLister.cpp in Sources */,
				37533BAD136E633C00588785 /* guiTypeVideo.cpp in Sources */,
				37533BAE136E633C00588785 /* guiValue.cpp in Sources */,
				37533BAF136E633C00588785 /* ofxControlPanel.cpp in Sources */,
				37533BB0136E633C00588785 /* simpleColor.cpp in Sources */,
				37533BB1136E633C00588785 /* simpleFileLister.cpp in Sources */,
				37533BB2136E633C00588785 /* simpleLogger.cpp in Sources */,
				37533BB9136E635300588785 /* ofxShader.cpp in Sources */,
				37533BBF136E638600588785 /* GABChromaKey.cpp in Sources */,
				37533BC6136E63CC00588785 /* chromakey.frag in Sources */,
				37533BC7136E63CC00588785 /* chromakey.vert in Sources */,
			);
			runOnlyForDeploymentPostprocessing = 0;
		};
/* End PBXSourcesBuildPhase section */

/* Begin PBXTargetDependency section */
		E4C2422810CC54DA004149E2 /* PBXTargetDependency */ = {
			isa = PBXTargetDependency;
			name = openFrameworks;
			targetProxy = E4C2422710CC54DA004149E2 /* PBXContainerItemProxy */;
		};
/* End PBXTargetDependency section */

/* Begin XCBuildConfiguration section */
		E4B69B4E0A3A1720003C02F2 /* Debug */ = {
			isa = XCBuildConfiguration;
			buildSettings = {
				ARCHS = "$(NATIVE_ARCH)";
				CONFIGURATION_BUILD_DIR = "$(SRCROOT)/bin/";
				COPY_PHASE_STRIP = NO;
				DEAD_CODE_STRIPPING = YES;
				GCC_AUTO_VECTORIZATION = YES;
				GCC_ENABLE_SSE3_EXTENSIONS = YES;
				GCC_ENABLE_SUPPLEMENTAL_SSE3_INSTRUCTIONS = YES;
				GCC_INLINES_ARE_PRIVATE_EXTERN = NO;
				GCC_MODEL_TUNING = G5;
				GCC_SYMBOLS_PRIVATE_EXTERN = NO;
				GCC_WARN_ABOUT_DEPRECATED_FUNCTIONS = NO;
				GCC_WARN_ABOUT_INVALID_OFFSETOF_MACRO = NO;
				GCC_WARN_ALLOW_INCOMPLETE_PROTOCOL = NO;
				GCC_WARN_UNINITIALIZED_AUTOS = NO;
				GCC_WARN_UNUSED_VALUE = NO;
				GCC_WARN_UNUSED_VARIABLE = NO;
				HEADER_SEARCH_PATHS = (
					"../../../libs/openFrameworks/**",
					../../../libs/freetype/include/,
					../../../libs/freetype/include/freetype2,
					../../../libs/poco/include,
					../../../addons/,
				);
				OTHER_CPLUSPLUSFLAGS = (
					"-D__MACOSX_CORE__",
					"-lpthread",
				);
				OTHER_LDFLAGS = "";
				SDKROOT = "$(DEVELOPER_SDK_DIR)/MacOSX10.6.sdk";
			};
			name = Debug;
		};
		E4B69B4F0A3A1720003C02F2 /* Release */ = {
			isa = XCBuildConfiguration;
			buildSettings = {
				ARCHS = "$(NATIVE_ARCH)";
				CONFIGURATION_BUILD_DIR = "$(SRCROOT)/bin/";
				COPY_PHASE_STRIP = YES;
				DEAD_CODE_STRIPPING = YES;
				GCC_AUTO_VECTORIZATION = YES;
				GCC_ENABLE_SSE3_EXTENSIONS = YES;
				GCC_ENABLE_SUPPLEMENTAL_SSE3_INSTRUCTIONS = YES;
				GCC_INLINES_ARE_PRIVATE_EXTERN = NO;
				GCC_MODEL_TUNING = G5;
				GCC_OPTIMIZATION_LEVEL = 3;
				GCC_SYMBOLS_PRIVATE_EXTERN = NO;
				GCC_UNROLL_LOOPS = YES;
				GCC_WARN_ABOUT_DEPRECATED_FUNCTIONS = NO;
				GCC_WARN_ABOUT_INVALID_OFFSETOF_MACRO = NO;
				GCC_WARN_ALLOW_INCOMPLETE_PROTOCOL = NO;
				GCC_WARN_UNINITIALIZED_AUTOS = NO;
				GCC_WARN_UNUSED_VALUE = NO;
				GCC_WARN_UNUSED_VARIABLE = NO;
				HEADER_SEARCH_PATHS = (
					"../../../libs/openFrameworks/**",
					../../../libs/freetype/include/,
					../../../libs/freetype/include/freetype2,
					../../../libs/poco/include,
					../../../addons/,
				);
				OTHER_CPLUSPLUSFLAGS = (
					"-D__MACOSX_CORE__",
					"-lpthread",
				);
				OTHER_LDFLAGS = "";
				SDKROOT = "$(DEVELOPER_SDK_DIR)/MacOSX10.6.sdk";
			};
			name = Release;
		};
		E4B69B600A3A1757003C02F2 /* Debug */ = {
			isa = XCBuildConfiguration;
			buildSettings = {
				COPY_PHASE_STRIP = NO;
				FRAMEWORK_SEARCH_PATHS = (
					"$(inherited)",
					"$(FRAMEWORK_SEARCH_PATHS_QUOTED_FOR_TARGET_1)",
					"$(FRAMEWORK_SEARCH_PATHS_QUOTED_FOR_TARGET_2)",
					"$(FRAMEWORK_SEARCH_PATHS_QUOTED_FOR_TARGET_3)",
				);
				FRAMEWORK_SEARCH_PATHS_QUOTED_FOR_TARGET_1 = "\"$(SRCROOT)/../../../libs/glut/lib/osx\"";
				FRAMEWORK_SEARCH_PATHS_QUOTED_FOR_TARGET_2 = "\"$(SRCROOT)/../../../addons/ofxSyphon/libs/Syphon/lib/osx\"";
				FRAMEWORK_SEARCH_PATHS_QUOTED_FOR_TARGET_3 = "\"$(SRCROOT)/src\"";
				GCC_DYNAMIC_NO_PIC = NO;
				GCC_ENABLE_FIX_AND_CONTINUE = YES;
				GCC_GENERATE_DEBUGGING_SYMBOLS = YES;
				GCC_MODEL_TUNING = G4;
				GCC_OPTIMIZATION_LEVEL = 0;
				GCC_PRECOMPILE_PREFIX_HEADER = YES;
				GCC_PREFIX_HEADER = "$(SYSTEM_LIBRARY_DIR)/Frameworks/Carbon.framework/Headers/Carbon.h";
				INFOPLIST_FILE = "openFrameworks-Info.plist";
				INSTALL_PATH = "$(HOME)/Applications";
				LIBRARY_SEARCH_PATHS = (
					"$(inherited)",
					"$(LIBRARY_SEARCH_PATHS_QUOTED_FOR_TARGET_1)",
					"$(LIBRARY_SEARCH_PATHS_QUOTED_FOR_TARGET_2)",
					"$(LIBRARY_SEARCH_PATHS_QUOTED_FOR_TARGET_3)",
					"$(LIBRARY_SEARCH_PATHS_QUOTED_FOR_TARGET_4)",
					"$(LIBRARY_SEARCH_PATHS_QUOTED_FOR_TARGET_5)",
					"$(LIBRARY_SEARCH_PATHS_QUOTED_FOR_TARGET_6)",
					"$(LIBRARY_SEARCH_PATHS_QUOTED_FOR_TARGET_7)",
					"$(LIBRARY_SEARCH_PATHS_QUOTED_FOR_TARGET_8)",
					"$(LIBRARY_SEARCH_PATHS_QUOTED_FOR_TARGET_9)",
					"$(LIBRARY_SEARCH_PATHS_QUOTED_FOR_TARGET_10)",
					"$(LIBRARY_SEARCH_PATHS_QUOTED_FOR_TARGET_11)",
					"$(LIBRARY_SEARCH_PATHS_QUOTED_FOR_TARGET_12)",
					"$(LIBRARY_SEARCH_PATHS_QUOTED_FOR_TARGET_13)",
					"$(LIBRARY_SEARCH_PATHS_QUOTED_FOR_TARGET_14)",
					"$(LIBRARY_SEARCH_PATHS_QUOTED_FOR_TARGET_15)",
					"$(LIBRARY_SEARCH_PATHS_QUOTED_FOR_TARGET_2)",
				);
				LIBRARY_SEARCH_PATHS_QUOTED_FOR_TARGET_1 = "\"$(SRCROOT)/../../../libs/freeimage/lib/osx\"";
				LIBRARY_SEARCH_PATHS_QUOTED_FOR_TARGET_14 = "\"$(SRCROOT)/../../../libs/fmodex/lib/osx\"";
				LIBRARY_SEARCH_PATHS_QUOTED_FOR_TARGET_15 = "\"$(SRCROOT)/../../../libs/freetype/lib/osx\"";
				LIBRARY_SEARCH_PATHS_QUOTED_FOR_TARGET_2 = "\"$(SRCROOT)/../../../libs/FreeImage/lib/osx\"";
				LIBRARY_SEARCH_PATHS_QUOTED_FOR_TARGET_4 = "\"$(SRCROOT)/../../../libs/GLee/lib/osx\"";
				LIBRARY_SEARCH_PATHS_QUOTED_FOR_TARGET_5 = "\"$(SRCROOT)/../../../libs/poco/lib/osx\"";
				LIBRARY_SEARCH_PATHS_QUOTED_FOR_TARGET_6 = "\"$(SRCROOT)/../../../libs/rtAudio/lib/osx\"";
				PREBINDING = NO;
				PRODUCT_NAME = SyphonExampleDebug;
				WRAPPER_EXTENSION = app;
				ZERO_LINK = NO;
			};
			name = Debug;
		};
		E4B69B610A3A1757003C02F2 /* Release */ = {
			isa = XCBuildConfiguration;
			buildSettings = {
				COPY_PHASE_STRIP = YES;
				FRAMEWORK_SEARCH_PATHS = (
					"$(inherited)",
					"$(FRAMEWORK_SEARCH_PATHS_QUOTED_FOR_TARGET_1)",
					"$(FRAMEWORK_SEARCH_PATHS_QUOTED_FOR_TARGET_2)",
					"$(FRAMEWORK_SEARCH_PATHS_QUOTED_FOR_TARGET_3)",
					"$(FRAMEWORK_SEARCH_PATHS_QUOTED_1)",
				);
				FRAMEWORK_SEARCH_PATHS_QUOTED_1 = "\"$(SRCROOT)/../../../addons/ofxSyphon/libs/Syphon/lib/osx\"";
				FRAMEWORK_SEARCH_PATHS_QUOTED_FOR_TARGET_1 = "\"$(SRCROOT)/../../../libs/glut/lib/osx\"";
				FRAMEWORK_SEARCH_PATHS_QUOTED_FOR_TARGET_2 = "";
				FRAMEWORK_SEARCH_PATHS_QUOTED_FOR_TARGET_3 = "\"$(SRCROOT)/src\"";
				GCC_ENABLE_FIX_AND_CONTINUE = NO;
				GCC_GENERATE_DEBUGGING_SYMBOLS = NO;
				GCC_MODEL_TUNING = G4;
				GCC_PRECOMPILE_PREFIX_HEADER = YES;
				GCC_PREFIX_HEADER = "$(SYSTEM_LIBRARY_DIR)/Frameworks/Carbon.framework/Headers/Carbon.h";
				INFOPLIST_FILE = "openFrameworks-Info.plist";
				INSTALL_PATH = "$(HOME)/Applications";
				LIBRARY_SEARCH_PATHS = (
					"$(inherited)",
					"$(LIBRARY_SEARCH_PATHS_QUOTED_FOR_TARGET_1)",
					"$(LIBRARY_SEARCH_PATHS_QUOTED_FOR_TARGET_2)",
					"$(LIBRARY_SEARCH_PATHS_QUOTED_FOR_TARGET_3)",
					"$(LIBRARY_SEARCH_PATHS_QUOTED_FOR_TARGET_4)",
					"$(LIBRARY_SEARCH_PATHS_QUOTED_FOR_TARGET_5)",
					"$(LIBRARY_SEARCH_PATHS_QUOTED_FOR_TARGET_6)",
					"$(LIBRARY_SEARCH_PATHS_QUOTED_FOR_TARGET_7)",
					"$(LIBRARY_SEARCH_PATHS_QUOTED_FOR_TARGET_8)",
					"$(LIBRARY_SEARCH_PATHS_QUOTED_FOR_TARGET_9)",
					"$(LIBRARY_SEARCH_PATHS_QUOTED_FOR_TARGET_10)",
					"$(LIBRARY_SEARCH_PATHS_QUOTED_FOR_TARGET_11)",
					"$(LIBRARY_SEARCH_PATHS_QUOTED_FOR_TARGET_12)",
					"$(LIBRARY_SEARCH_PATHS_QUOTED_FOR_TARGET_13)",
					"$(LIBRARY_SEARCH_PATHS_QUOTED_FOR_TARGET_14)",
					"$(LIBRARY_SEARCH_PATHS_QUOTED_FOR_TARGET_15)",
					"$(LIBRARY_SEARCH_PATHS_QUOTED_FOR_TARGET_2)",
				);
				LIBRARY_SEARCH_PATHS_QUOTED_FOR_TARGET_1 = "\"$(SRCROOT)/../../../libs/freeimage/lib/osx\"";
				LIBRARY_SEARCH_PATHS_QUOTED_FOR_TARGET_14 = "\"$(SRCROOT)/../../../libs/fmodex/lib/osx\"";
				LIBRARY_SEARCH_PATHS_QUOTED_FOR_TARGET_15 = "\"$(SRCROOT)/../../../libs/freetype/lib/osx\"";
				LIBRARY_SEARCH_PATHS_QUOTED_FOR_TARGET_2 = "\"$(SRCROOT)/../../../libs/FreeImage/lib/osx\"";
				LIBRARY_SEARCH_PATHS_QUOTED_FOR_TARGET_4 = "\"$(SRCROOT)/../../../libs/GLee/lib/osx\"";
				LIBRARY_SEARCH_PATHS_QUOTED_FOR_TARGET_5 = "\"$(SRCROOT)/../../../libs/poco/lib/osx\"";
				LIBRARY_SEARCH_PATHS_QUOTED_FOR_TARGET_6 = "\"$(SRCROOT)/../../../libs/rtAudio/lib/osx\"";
				PREBINDING = NO;
				PRODUCT_NAME = SyphonExample;
				WRAPPER_EXTENSION = app;
				ZERO_LINK = NO;
			};
			name = Release;
		};
/* End XCBuildConfiguration section */

/* Begin XCConfigurationList section */
		E4B69B4D0A3A1720003C02F2 /* Build configuration list for PBXProject "thesisGreen" */ = {
			isa = XCConfigurationList;
			buildConfigurations = (
				E4B69B4E0A3A1720003C02F2 /* Debug */,
				E4B69B4F0A3A1720003C02F2 /* Release */,
			);
			defaultConfigurationIsVisible = 0;
			defaultConfigurationName = Release;
		};
		E4B69B5F0A3A1757003C02F2 /* Build configuration list for PBXNativeTarget "SyphonExample" */ = {
			isa = XCConfigurationList;
			buildConfigurations = (
				E4B69B600A3A1757003C02F2 /* Debug */,
				E4B69B610A3A1757003C02F2 /* Release */,
			);
			defaultConfigurationIsVisible = 0;
			defaultConfigurationName = Release;
		};
/* End XCConfigurationList section */
	};
	rootObject = E4B69B4C0A3A1720003C02F2 /* Project object */;
}
